
Microsoft Visual Studio Solution File, Format Version 12.00
# Visual Studio Version 17
VisualStudioVersion = 17.6.33723.286
MinimumVisualStudioVersion = 10.0.40219.1
Project("{FAE04EC0-301F-11D3-BF4B-00C04F79EFBC}") = "MineApis", "MineApis\MineApis.csproj", "{EECC80D5-8232-4C87-83AA-B5D5CC1D70F1}"
EndProject
Project("{FAE04EC0-301F-11D3-BF4B-00C04F79EFBC}") = "DAL", "DAL\DAL.csproj", "{D80C2199-EF36-4DFE-A21B-2D2C775B08CF}"
EndProject
Global
	GlobalSection(SolutionConfigurationPlatforms) = preSolution
		Debug|Any CPU = Debug|Any CPU
		Release|Any CPU = Release|Any CPU
	EndGlobalSection
	GlobalSection(ProjectConfigurationPlatforms) = postSolution
		{EECC80D5-8232-4C87-83AA-B5D5CC1D70F1}.Debug|Any CPU.ActiveCfg = Debug|Any CPU
		{EECC80D5-8232-4C87-83AA-B5D5CC1D70F1}.Debug|Any CPU.Build.0 = Debug|Any CPU
		{EECC80D5-8232-4C87-83AA-B5D5CC1D70F1}.Release|Any CPU.ActiveCfg = Release|Any CPU
		{EECC80D5-8232-4C87-83AA-B5D5CC1D70F1}.Release|Any CPU.Build.0 = Release|Any CPU
		{D80C2199-EF36-4DFE-A21B-2D2C775B08CF}.Debug|Any CPU.ActiveCfg = Debug|Any CPU
		{D80C2199-EF36-4DFE-A21B-2D2C775B08CF}.Debug|Any CPU.Build.0 = Debug|Any CPU
		{D80C2199-EF36-4DFE-A21B-2D2C775B08CF}.Release|Any CPU.ActiveCfg = Release|Any CPU
		{D80C2199-EF36-4DFE-A21B-2D2C775B08CF}.Release|Any CPU.Build.0 = Release|Any CPU
	EndGlobalSection
	GlobalSection(SolutionProperties) = preSolution
		HideSolutionNode = FALSE
	EndGlobalSection
	GlobalSection(ExtensibilityGlobals) = postSolution
		SolutionGuid = {FFD9712F-32BF-41BB-A3A9-C0ABF6F74F8F}
	EndGlobalSection
EndGlobal
